// !$*UTF8*$!
{
	archiveVersion = 1;
	classes = {
	};
	objectVersion = 48;
	objects = {

/* Begin PBXBuildFile section */
		4B28164121254938007CBC3D /* TestPresentVC.m in Sources */ = {isa = PBXBuildFile; fileRef = 4B28164021254938007CBC3D /* TestPresentVC.m */; };
		4B28164421254949007CBC3D /* TestPushVC.m in Sources */ = {isa = PBXBuildFile; fileRef = 4B28164321254949007CBC3D /* TestPushVC.m */; };
		4B28164721254AB5007CBC3D /* TestPushVC.xml in Resources */ = {isa = PBXBuildFile; fileRef = 4B28164521254AB5007CBC3D /* TestPushVC.xml */; };
		4B28164821254AB5007CBC3D /* TestPresentVC.xml in Resources */ = {isa = PBXBuildFile; fileRef = 4B28164621254AB5007CBC3D /* TestPresentVC.xml */; };
		4B28164A2125519E007CBC3D /* Header.xml in Resources */ = {isa = PBXBuildFile; fileRef = 4B2816492125519E007CBC3D /* Header.xml */; };
		4B28164D21256AFB007CBC3D /* TestDetailVC.m in Sources */ = {isa = PBXBuildFile; fileRef = 4B28164C21256AFB007CBC3D /* TestDetailVC.m */; };
		4B4A8B5E211931920084F27D /* AppDelegate.m in Sources */ = {isa = PBXBuildFile; fileRef = 4B4A8B5D211931920084F27D /* AppDelegate.m */; };
		4B4A8B64211931920084F27D /* Main.storyboard in Resources */ = {isa = PBXBuildFile; fileRef = 4B4A8B62211931920084F27D /* Main.storyboard */; };
		4B4A8B66211931920084F27D /* Assets.xcassets in Resources */ = {isa = PBXBuildFile; fileRef = 4B4A8B65211931920084F27D /* Assets.xcassets */; };
		4B4A8B69211931920084F27D /* LaunchScreen.storyboard in Resources */ = {isa = PBXBuildFile; fileRef = 4B4A8B67211931920084F27D /* LaunchScreen.storyboard */; };
		4B4A8B6C211931920084F27D /* main.m in Sources */ = {isa = PBXBuildFile; fileRef = 4B4A8B6B211931920084F27D /* main.m */; };
		4B4A8B76211931920084F27D /* XHFlexLibDemoTests.m in Sources */ = {isa = PBXBuildFile; fileRef = 4B4A8B75211931920084F27D /* XHFlexLibDemoTests.m */; };
		4B4A8B81211931920084F27D /* XHFlexLibDemoUITests.m in Sources */ = {isa = PBXBuildFile; fileRef = 4B4A8B80211931920084F27D /* XHFlexLibDemoUITests.m */; };
		4BC5C38A2122B361006D223A /* TestCell.xml in Resources */ = {isa = PBXBuildFile; fileRef = 4BC5C3752122B361006D223A /* TestCell.xml */; };
		4BC5C38D2122B361006D223A /* TestVC.xml in Resources */ = {isa = PBXBuildFile; fileRef = 4BC5C3782122B361006D223A /* TestVC.xml */; };
		4BC5C38E2122B361006D223A /* TestCell.m in Sources */ = {isa = PBXBuildFile; fileRef = 4BC5C37B2122B361006D223A /* TestCell.m */; };
		4BC5C38F2122B361006D223A /* addnewtype@2x.png in Resources */ = {isa = PBXBuildFile; fileRef = 4BC5C37D2122B361006D223A /* addnewtype@2x.png */; };
		4BC5C3902122B361006D223A /* btn_back_black@2x.png in Resources */ = {isa = PBXBuildFile; fileRef = 4BC5C37E2122B361006D223A /* btn_back_black@2x.png */; };
		4BC5C3912122B361006D223A /* btn_back_black@3x.png in Resources */ = {isa = PBXBuildFile; fileRef = 4BC5C37F2122B361006D223A /* btn_back_black@3x.png */; };
		4BC5C3922122B361006D223A /* common.style in Resources */ = {isa = PBXBuildFile; fileRef = 4BC5C3812122B361006D223A /* common.style */; };
		4BC5C3952122B361006D223A /* TestVC.m in Sources */ = {isa = PBXBuildFile; fileRef = 4BC5C3882122B361006D223A /* TestVC.m */; };
		4BC5C3982122B848006D223A /* view.style in Resources */ = {isa = PBXBuildFile; fileRef = 4BC5C3962122B848006D223A /* view.style */; };
		89AE048482CC3C797D4C68ED /* libPods-XHFlexLibDemo.a in Frameworks */ = {isa = PBXBuildFile; fileRef = 55378DD0E4C140843BA2680D /* libPods-XHFlexLibDemo.a */; };
/* End PBXBuildFile section */

/* Begin PBXContainerItemProxy section */
		4B4A8B72211931920084F27D /* PBXContainerItemProxy */ = {
			isa = PBXContainerItemProxy;
			containerPortal = 4B4A8B51211931920084F27D /* Project object */;
			proxyType = 1;
			remoteGlobalIDString = 4B4A8B58211931920084F27D;
			remoteInfo = XHFlexLibDemo;
		};
		4B4A8B7D211931920084F27D /* PBXContainerItemProxy */ = {
			isa = PBXContainerItemProxy;
			containerPortal = 4B4A8B51211931920084F27D /* Project object */;
			proxyType = 1;
			remoteGlobalIDString = 4B4A8B58211931920084F27D;
			remoteInfo = XHFlexLibDemo;
		};
/* End PBXContainerItemProxy section */

/* Begin PBXFileReference section */
		30B05C6A2ACFB656A2C606F2 /* Pods-XHFlexLibDemo.debug.xcconfig */ = {isa = PBXFileReference; includeInIndex = 1; lastKnownFileType = text.xcconfig; name = "Pods-XHFlexLibDemo.debug.xcconfig"; path = "Pods/Target Support Files/Pods-XHFlexLibDemo/Pods-XHFlexLibDemo.debug.xcconfig"; sourceTree = "<group>"; };
		4B28163F21254938007CBC3D /* TestPresentVC.h */ = {isa = PBXFileReference; lastKnownFileType = sourcecode.c.h; path = TestPresentVC.h; sourceTree = "<group>"; };
		4B28164021254938007CBC3D /* TestPresentVC.m */ = {isa = PBXFileReference; lastKnownFileType = sourcecode.c.objc; path = TestPresentVC.m; sourceTree = "<group>"; };
		4B28164221254949007CBC3D /* TestPushVC.h */ = {isa = PBXFileReference; lastKnownFileType = sourcecode.c.h; path = TestPushVC.h; sourceTree = "<group>"; };
		4B28164321254949007CBC3D /* TestPushVC.m */ = {isa = PBXFileReference; lastKnownFileType = sourcecode.c.objc; path = TestPushVC.m; sourceTree = "<group>"; };
		4B28164521254AB5007CBC3D /* TestPushVC.xml */ = {isa = PBXFileReference; fileEncoding = 4; lastKnownFileType = text.xml; path = TestPushVC.xml; sourceTree = "<group>"; };
		4B28164621254AB5007CBC3D /* TestPresentVC.xml */ = {isa = PBXFileReference; fileEncoding = 4; lastKnownFileType = text.xml; path = TestPresentVC.xml; sourceTree = "<group>"; };
		4B2816492125519E007CBC3D /* Header.xml */ = {isa = PBXFileReference; fileEncoding = 4; lastKnownFileType = text.xml; path = Header.xml; sourceTree = "<group>"; };
		4B28164B21256AFB007CBC3D /* TestDetailVC.h */ = {isa = PBXFileReference; lastKnownFileType = sourcecode.c.h; path = TestDetailVC.h; sourceTree = "<group>"; };
		4B28164C21256AFB007CBC3D /* TestDetailVC.m */ = {isa = PBXFileReference; lastKnownFileType = sourcecode.c.objc; path = TestDetailVC.m; sourceTree = "<group>"; };
		4B4A8B59211931920084F27D /* XHFlexLibDemo.app */ = {isa = PBXFileReference; explicitFileType = wrapper.application; includeInIndex = 0; path = XHFlexLibDemo.app; sourceTree = BUILT_PRODUCTS_DIR; };
		4B4A8B5C211931920084F27D /* AppDelegate.h */ = {isa = PBXFileReference; lastKnownFileType = sourcecode.c.h; path = AppDelegate.h; sourceTree = "<group>"; };
		4B4A8B5D211931920084F27D /* AppDelegate.m */ = {isa = PBXFileReference; lastKnownFileType = sourcecode.c.objc; path = AppDelegate.m; sourceTree = "<group>"; };
		4B4A8B63211931920084F27D /* Base */ = {isa = PBXFileReference; lastKnownFileType = file.storyboard; name = Base; path = Base.lproj/Main.storyboard; sourceTree = "<group>"; };
		4B4A8B65211931920084F27D /* Assets.xcassets */ = {isa = PBXFileReference; lastKnownFileType = folder.assetcatalog; path = Assets.xcassets; sourceTree = "<group>"; };
		4B4A8B68211931920084F27D /* Base */ = {isa = PBXFileReference; lastKnownFileType = file.storyboard; name = Base; path = Base.lproj/LaunchScreen.storyboard; sourceTree = "<group>"; };
		4B4A8B6A211931920084F27D /* Info.plist */ = {isa = PBXFileReference; lastKnownFileType = text.plist.xml; path = Info.plist; sourceTree = "<group>"; };
		4B4A8B6B211931920084F27D /* main.m */ = {isa = PBXFileReference; lastKnownFileType = sourcecode.c.objc; path = main.m; sourceTree = "<group>"; };
		4B4A8B71211931920084F27D /* XHFlexLibDemoTests.xctest */ = {isa = PBXFileReference; explicitFileType = wrapper.cfbundle; includeInIndex = 0; path = XHFlexLibDemoTests.xctest; sourceTree = BUILT_PRODUCTS_DIR; };
		4B4A8B75211931920084F27D /* XHFlexLibDemoTests.m */ = {isa = PBXFileReference; lastKnownFileType = sourcecode.c.objc; path = XHFlexLibDemoTests.m; sourceTree = "<group>"; };
		4B4A8B77211931920084F27D /* Info.plist */ = {isa = PBXFileReference; lastKnownFileType = text.plist.xml; path = Info.plist; sourceTree = "<group>"; };
		4B4A8B7C211931920084F27D /* XHFlexLibDemoUITests.xctest */ = {isa = PBXFileReference; explicitFileType = wrapper.cfbundle; includeInIndex = 0; path = XHFlexLibDemoUITests.xctest; sourceTree = BUILT_PRODUCTS_DIR; };
		4B4A8B80211931920084F27D /* XHFlexLibDemoUITests.m */ = {isa = PBXFileReference; lastKnownFileType = sourcecode.c.objc; path = XHFlexLibDemoUITests.m; sourceTree = "<group>"; };
		4B4A8B82211931920084F27D /* Info.plist */ = {isa = PBXFileReference; lastKnownFileType = text.plist.xml; path = Info.plist; sourceTree = "<group>"; };
		4BC5C3752122B361006D223A /* TestCell.xml */ = {isa = PBXFileReference; fileEncoding = 4; lastKnownFileType = text.xml; path = TestCell.xml; sourceTree = "<group>"; };
		4BC5C3782122B361006D223A /* TestVC.xml */ = {isa = PBXFileReference; fileEncoding = 4; lastKnownFileType = text.xml; path = TestVC.xml; sourceTree = "<group>"; };
		4BC5C37A2122B361006D223A /* TestCell.h */ = {isa = PBXFileReference; fileEncoding = 4; lastKnownFileType = sourcecode.c.h; path = TestCell.h; sourceTree = "<group>"; };
		4BC5C37B2122B361006D223A /* TestCell.m */ = {isa = PBXFileReference; fileEncoding = 4; lastKnownFileType = sourcecode.c.objc; path = TestCell.m; sourceTree = "<group>"; };
		4BC5C37D2122B361006D223A /* addnewtype@2x.png */ = {isa = PBXFileReference; lastKnownFileType = image.png; path = "addnewtype@2x.png"; sourceTree = "<group>"; };
		4BC5C37E2122B361006D223A /* btn_back_black@2x.png */ = {isa = PBXFileReference; lastKnownFileType = image.png; path = "btn_back_black@2x.png"; sourceTree = "<group>"; };
		4BC5C37F2122B361006D223A /* btn_back_black@3x.png */ = {isa = PBXFileReference; lastKnownFileType = image.png; path = "btn_back_black@3x.png"; sourceTree = "<group>"; };
		4BC5C3812122B361006D223A /* common.style */ = {isa = PBXFileReference; fileEncoding = 4; lastKnownFileType = text.xml; path = common.style; sourceTree = "<group>"; };
		4BC5C3872122B361006D223A /* TestVC.h */ = {isa = PBXFileReference; fileEncoding = 4; lastKnownFileType = sourcecode.c.h; path = TestVC.h; sourceTree = "<group>"; };
		4BC5C3882122B361006D223A /* TestVC.m */ = {isa = PBXFileReference; fileEncoding = 4; lastKnownFileType = sourcecode.c.objc; path = TestVC.m; sourceTree = "<group>"; };
		4BC5C3962122B848006D223A /* view.style */ = {isa = PBXFileReference; fileEncoding = 4; lastKnownFileType = text.xml; path = view.style; sourceTree = "<group>"; };
		55378DD0E4C140843BA2680D /* libPods-XHFlexLibDemo.a */ = {isa = PBXFileReference; explicitFileType = archive.ar; includeInIndex = 0; path = "libPods-XHFlexLibDemo.a"; sourceTree = BUILT_PRODUCTS_DIR; };
		EA5395A2216CF37428BEF1D5 /* Pods-XHFlexLibDemo.release.xcconfig */ = {isa = PBXFileReference; includeInIndex = 1; lastKnownFileType = text.xcconfig; name = "Pods-XHFlexLibDemo.release.xcconfig"; path = "Pods/Target Support Files/Pods-XHFlexLibDemo/Pods-XHFlexLibDemo.release.xcconfig"; sourceTree = "<group>"; };
/* End PBXFileReference section */

/* Begin PBXFrameworksBuildPhase section */
		4B4A8B56211931920084F27D /* Frameworks */ = {
			isa = PBXFrameworksBuildPhase;
			buildActionMask = 2147483647;
			files = (
				89AE048482CC3C797D4C68ED /* libPods-XHFlexLibDemo.a in Frameworks */,
			);
			runOnlyForDeploymentPostprocessing = 0;
		};
		4B4A8B6E211931920084F27D /* Frameworks */ = {
			isa = PBXFrameworksBuildPhase;
			buildActionMask = 2147483647;
			files = (
			);
			runOnlyForDeploymentPostprocessing = 0;
		};
		4B4A8B79211931920084F27D /* Frameworks */ = {
			isa = PBXFrameworksBuildPhase;
			buildActionMask = 2147483647;
			files = (
			);
			runOnlyForDeploymentPostprocessing = 0;
		};
/* End PBXFrameworksBuildPhase section */

/* Begin PBXGroup section */
		4B4A8B50211931920084F27D = {
			isa = PBXGroup;
			children = (
				4B4A8B5B211931920084F27D /* XHFlexLibDemo */,
				4B4A8B74211931920084F27D /* XHFlexLibDemoTests */,
				4B4A8B7F211931920084F27D /* XHFlexLibDemoUITests */,
				4B4A8B5A211931920084F27D /* Products */,
				F3EE7C2E16B9FDB29E33243B /* Pods */,
				8EE105F28993FDAB269D251C /* Frameworks */,
			);
			sourceTree = "<group>";
		};
		4B4A8B5A211931920084F27D /* Products */ = {
			isa = PBXGroup;
			children = (
				4B4A8B59211931920084F27D /* XHFlexLibDemo.app */,
				4B4A8B71211931920084F27D /* XHFlexLibDemoTests.xctest */,
				4B4A8B7C211931920084F27D /* XHFlexLibDemoUITests.xctest */,
			);
			name = Products;
			sourceTree = "<group>";
		};
		4B4A8B5B211931920084F27D /* XHFlexLibDemo */ = {
			isa = PBXGroup;
			children = (
				4B4A8B5C211931920084F27D /* AppDelegate.h */,
				4B4A8B5D211931920084F27D /* AppDelegate.m */,
				4BC5C37C2122B361006D223A /* Resource */,
				4BC5C3802122B361006D223A /* Style */,
				4BC5C3792122B361006D223A /* View */,
				4BC5C3822122B361006D223A /* ViewController */,
				4BC5C3732122B361006D223A /* XML */,
				4B4A8B62211931920084F27D /* Main.storyboard */,
				4B4A8B65211931920084F27D /* Assets.xcassets */,
				4B4A8B67211931920084F27D /* LaunchScreen.storyboard */,
				4B4A8B6A211931920084F27D /* Info.plist */,
				4B4A8B6B211931920084F27D /* main.m */,
			);
			path = XHFlexLibDemo;
			sourceTree = "<group>";
		};
		4B4A8B74211931920084F27D /* XHFlexLibDemoTests */ = {
			isa = PBXGroup;
			children = (
				4B4A8B75211931920084F27D /* XHFlexLibDemoTests.m */,
				4B4A8B77211931920084F27D /* Info.plist */,
			);
			path = XHFlexLibDemoTests;
			sourceTree = "<group>";
		};
		4B4A8B7F211931920084F27D /* XHFlexLibDemoUITests */ = {
			isa = PBXGroup;
			children = (
				4B4A8B80211931920084F27D /* XHFlexLibDemoUITests.m */,
				4B4A8B82211931920084F27D /* Info.plist */,
			);
			path = XHFlexLibDemoUITests;
			sourceTree = "<group>";
		};
		4BC5C3732122B361006D223A /* XML */ = {
			isa = PBXGroup;
			children = (
				4B2816492125519E007CBC3D /* Header.xml */,
				4BC5C3752122B361006D223A /* TestCell.xml */,
				4B28164621254AB5007CBC3D /* TestPresentVC.xml */,
				4B28164521254AB5007CBC3D /* TestPushVC.xml */,
				4BC5C3782122B361006D223A /* TestVC.xml */,
			);
			path = XML;
			sourceTree = "<group>";
		};
		4BC5C3792122B361006D223A /* View */ = {
			isa = PBXGroup;
			children = (
				4BC5C37A2122B361006D223A /* TestCell.h */,
				4BC5C37B2122B361006D223A /* TestCell.m */,
			);
			path = View;
			sourceTree = "<group>";
		};
		4BC5C37C2122B361006D223A /* Resource */ = {
			isa = PBXGroup;
			children = (
				4BC5C37D2122B361006D223A /* addnewtype@2x.png */,
				4BC5C37E2122B361006D223A /* btn_back_black@2x.png */,
				4BC5C37F2122B361006D223A /* btn_back_black@3x.png */,
			);
			path = Resource;
			sourceTree = "<group>";
		};
		4BC5C3802122B361006D223A /* Style */ = {
			isa = PBXGroup;
			children = (
				4BC5C3812122B361006D223A /* common.style */,
				4BC5C3962122B848006D223A /* view.style */,
			);
			path = Style;
			sourceTree = "<group>";
		};
		4BC5C3822122B361006D223A /* ViewController */ = {
			isa = PBXGroup;
			children = (
				4BC5C3872122B361006D223A /* TestVC.h */,
				4BC5C3882122B361006D223A /* TestVC.m */,
				4B28163F21254938007CBC3D /* TestPresentVC.h */,
				4B28164021254938007CBC3D /* TestPresentVC.m */,
				4B28164221254949007CBC3D /* TestPushVC.h */,
				4B28164321254949007CBC3D /* TestPushVC.m */,
				4B28164B21256AFB007CBC3D /* TestDetailVC.h */,
				4B28164C21256AFB007CBC3D /* TestDetailVC.m */,
			);
			path = ViewController;
			sourceTree = "<group>";
		};
		8EE105F28993FDAB269D251C /* Frameworks */ = {
			isa = PBXGroup;
			children = (
				55378DD0E4C140843BA2680D /* libPods-XHFlexLibDemo.a */,
			);
			name = Frameworks;
			sourceTree = "<group>";
		};
		F3EE7C2E16B9FDB29E33243B /* Pods */ = {
			isa = PBXGroup;
			children = (
				30B05C6A2ACFB656A2C606F2 /* Pods-XHFlexLibDemo.debug.xcconfig */,
				EA5395A2216CF37428BEF1D5 /* Pods-XHFlexLibDemo.release.xcconfig */,
			);
			name = Pods;
			sourceTree = "<group>";
		};
/* End PBXGroup section */

/* Begin PBXNativeTarget section */
		4B4A8B58211931920084F27D /* XHFlexLibDemo */ = {
			isa = PBXNativeTarget;
			buildConfigurationList = 4B4A8B85211931920084F27D /* Build configuration list for PBXNativeTarget "XHFlexLibDemo" */;
			buildPhases = (
				A057F82473EA28B2F2704E3C /* [CP] Check Pods Manifest.lock */,
				4B4A8B55211931920084F27D /* Sources */,
				4B4A8B56211931920084F27D /* Frameworks */,
				4B4A8B57211931920084F27D /* Resources */,
				07287A140606EC3A82D924B2 /* [CP] Copy Pods Resources */,
			);
			buildRules = (
			);
			dependencies = (
			);
			name = XHFlexLibDemo;
			productName = XHFlexLibDemo;
			productReference = 4B4A8B59211931920084F27D /* XHFlexLibDemo.app */;
			productType = "com.apple.product-type.application";
		};
		4B4A8B70211931920084F27D /* XHFlexLibDemoTests */ = {
			isa = PBXNativeTarget;
			buildConfigurationList = 4B4A8B88211931920084F27D /* Build configuration list for PBXNativeTarget "XHFlexLibDemoTests" */;
			buildPhases = (
				4B4A8B6D211931920084F27D /* Sources */,
				4B4A8B6E211931920084F27D /* Frameworks */,
				4B4A8B6F211931920084F27D /* Resources */,
			);
			buildRules = (
			);
			dependencies = (
				4B4A8B73211931920084F27D /* PBXTargetDependency */,
			);
			name = XHFlexLibDemoTests;
			productName = XHFlexLibDemoTests;
			productReference = 4B4A8B71211931920084F27D /* XHFlexLibDemoTests.xctest */;
			productType = "com.apple.product-type.bundle.unit-test";
		};
		4B4A8B7B211931920084F27D /* XHFlexLibDemoUITests */ = {
			isa = PBXNativeTarget;
			buildConfigurationList = 4B4A8B8B211931920084F27D /* Build configuration list for PBXNativeTarget "XHFlexLibDemoUITests" */;
			buildPhases = (
				4B4A8B78211931920084F27D /* Sources */,
				4B4A8B79211931920084F27D /* Frameworks */,
				4B4A8B7A211931920084F27D /* Resources */,
			);
			buildRules = (
			);
			dependencies = (
				4B4A8B7E211931920084F27D /* PBXTargetDependency */,
			);
			name = XHFlexLibDemoUITests;
			productName = XHFlexLibDemoUITests;
			productReference = 4B4A8B7C211931920084F27D /* XHFlexLibDemoUITests.xctest */;
			productType = "com.apple.product-type.bundle.ui-testing";
		};
/* End PBXNativeTarget section */

/* Begin PBXProject section */
		4B4A8B51211931920084F27D /* Project object */ = {
			isa = PBXProject;
			attributes = {
				LastUpgradeCheck = 0920;
				ORGANIZATIONNAME = XIAOHUI;
				TargetAttributes = {
					4B4A8B58211931920084F27D = {
						CreatedOnToolsVersion = 9.2;
						ProvisioningStyle = Automatic;
					};
					4B4A8B70211931920084F27D = {
						CreatedOnToolsVersion = 9.2;
						ProvisioningStyle = Automatic;
						TestTargetID = 4B4A8B58211931920084F27D;
					};
					4B4A8B7B211931920084F27D = {
						CreatedOnToolsVersion = 9.2;
						ProvisioningStyle = Automatic;
						TestTargetID = 4B4A8B58211931920084F27D;
					};
				};
			};
			buildConfigurationList = 4B4A8B54211931920084F27D /* Build configuration list for PBXProject "XHFlexLibDemo" */;
			compatibilityVersion = "Xcode 8.0";
			developmentRegion = en;
			hasScannedForEncodings = 0;
			knownRegions = (
				en,
				Base,
			);
			mainGroup = 4B4A8B50211931920084F27D;
			productRefGroup = 4B4A8B5A211931920084F27D /* Products */;
			projectDirPath = "";
			projectRoot = "";
			targets = (
				4B4A8B58211931920084F27D /* XHFlexLibDemo */,
				4B4A8B70211931920084F27D /* XHFlexLibDemoTests */,
				4B4A8B7B211931920084F27D /* XHFlexLibDemoUITests */,
			);
		};
/* End PBXProject section */

/* Begin PBXResourcesBuildPhase section */
		4B4A8B57211931920084F27D /* Resources */ = {
			isa = PBXResourcesBuildPhase;
			buildActionMask = 2147483647;
			files = (
				4B28164A2125519E007CBC3D /* Header.xml in Resources */,
				4B4A8B69211931920084F27D /* LaunchScreen.storyboard in Resources */,
				4BC5C3912122B361006D223A /* btn_back_black@3x.png in Resources */,
				4BC5C3982122B848006D223A /* view.style in Resources */,
				4B28164721254AB5007CBC3D /* TestPushVC.xml in Resources */,
				4BC5C3902122B361006D223A /* btn_back_black@2x.png in Resources */,
				4BC5C3922122B361006D223A /* common.style in Resources */,
				4BC5C38F2122B361006D223A /* addnewtype@2x.png in Resources */,
				4BC5C38D2122B361006D223A /* TestVC.xml in Resources */,
				4B28164821254AB5007CBC3D /* TestPresentVC.xml in Resources */,
				4B4A8B66211931920084F27D /* Assets.xcassets in Resources */,
				4B4A8B64211931920084F27D /* Main.storyboard in Resources */,
				4BC5C38A2122B361006D223A /* TestCell.xml in Resources */,
			);
			runOnlyForDeploymentPostprocessing = 0;
		};
		4B4A8B6F211931920084F27D /* Resources */ = {
			isa = PBXResourcesBuildPhase;
			buildActionMask = 2147483647;
			files = (
			);
			runOnlyForDeploymentPostprocessing = 0;
		};
		4B4A8B7A211931920084F27D /* Resources */ = {
			isa = PBXResourcesBuildPhase;
			buildActionMask = 2147483647;
			files = (
			);
			runOnlyForDeploymentPostprocessing = 0;
		};
/* End PBXResourcesBuildPhase section */

/* Begin PBXShellScriptBuildPhase section */
		07287A140606EC3A82D924B2 /* [CP] Copy Pods Resources */ = {
			isa = PBXShellScriptBuildPhase;
			buildActionMask = 2147483647;
			files = (
			);
			inputPaths = (
				"${SRCROOT}/Pods/Target Support Files/Pods-XHFlexLibDemo/Pods-XHFlexLibDemo-resources.sh",
				"${PODS_CONFIGURATION_BUILD_DIR}/FlexLib/FlexLib.bundle",
			);
			name = "[CP] Copy Pods Resources";
			outputPaths = (
				"${TARGET_BUILD_DIR}/${UNLOCALIZED_RESOURCES_FOLDER_PATH}/FlexLib.bundle",
			);
			runOnlyForDeploymentPostprocessing = 0;
			shellPath = /bin/sh;
			shellScript = "\"${SRCROOT}/Pods/Target Support Files/Pods-XHFlexLibDemo/Pods-XHFlexLibDemo-resources.sh\"\n";
			showEnvVarsInLog = 0;
		};
		A057F82473EA28B2F2704E3C /* [CP] Check Pods Manifest.lock */ = {
			isa = PBXShellScriptBuildPhase;
			buildActionMask = 2147483647;
			files = (
			);
			inputPaths = (
				"${PODS_PODFILE_DIR_PATH}/Podfile.lock",
				"${PODS_ROOT}/Manifest.lock",
			);
			name = "[CP] Check Pods Manifest.lock";
			outputPaths = (
				"$(DERIVED_FILE_DIR)/Pods-XHFlexLibDemo-checkManifestLockResult.txt",
			);
			runOnlyForDeploymentPostprocessing = 0;
			shellPath = /bin/sh;
			shellScript = "diff \"${PODS_PODFILE_DIR_PATH}/Podfile.lock\" \"${PODS_ROOT}/Manifest.lock\" > /dev/null\nif [ $? != 0 ] ; then\n    # print error to STDERR\n    echo \"error: The sandbox is not in sync with the Podfile.lock. Run 'pod install' or update your CocoaPods installation.\" >&2\n    exit 1\nfi\n# This output is used by Xcode 'outputs' to avoid re-running this script phase.\necho \"SUCCESS\" > \"${SCRIPT_OUTPUT_FILE_0}\"\n";
			showEnvVarsInLog = 0;
		};
/* End PBXShellScriptBuildPhase section */

/* Begin PBXSourcesBuildPhase section */
		4B4A8B55211931920084F27D /* Sources */ = {
			isa = PBXSourcesBuildPhase;
			buildActionMask = 2147483647;
			files = (
				4B28164421254949007CBC3D /* TestPushVC.m in Sources */,
				4B28164121254938007CBC3D /* TestPresentVC.m in Sources */,
				4BC5C3952122B361006D223A /* TestVC.m in Sources */,
				4B4A8B6C211931920084F27D /* main.m in Sources */,
				4B28164D21256AFB007CBC3D /* TestDetailVC.m in Sources */,
				4BC5C38E2122B361006D223A /* TestCell.m in Sources */,
				4B4A8B5E211931920084F27D /* AppDelegate.m in Sources */,
			);
			runOnlyForDeploymentPostprocessing = 0;
		};
		4B4A8B6D211931920084F27D /* Sources */ = {
			isa = PBXSourcesBuildPhase;
			buildActionMask = 2147483647;
			files = (
				4B4A8B76211931920084F27D /* XHFlexLibDemoTests.m in Sources */,
			);
			runOnlyForDeploymentPostprocessing = 0;
		};
		4B4A8B78211931920084F27D /* Sources */ = {
			isa = PBXSourcesBuildPhase;
			buildActionMask = 2147483647;
			files = (
				4B4A8B81211931920084F27D /* XHFlexLibDemoUITests.m in Sources */,
			);
			runOnlyForDeploymentPostprocessing = 0;
		};
/* End PBXSourcesBuildPhase section */

/* Begin PBXTargetDependency section */
		4B4A8B73211931920084F27D /* PBXTargetDependency */ = {
			isa = PBXTargetDependency;
			target = 4B4A8B58211931920084F27D /* XHFlexLibDemo */;
			targetProxy = 4B4A8B72211931920084F27D /* PBXContainerItemProxy */;
		};
		4B4A8B7E211931920084F27D /* PBXTargetDependency */ = {
			isa = PBXTargetDependency;
			target = 4B4A8B58211931920084F27D /* XHFlexLibDemo */;
			targetProxy = 4B4A8B7D211931920084F27D /* PBXContainerItemProxy */;
		};
/* End PBXTargetDependency section */

/* Begin PBXVariantGroup section */
		4B4A8B62211931920084F27D /* Main.storyboard */ = {
			isa = PBXVariantGroup;
			children = (
				4B4A8B63211931920084F27D /* Base */,
			);
			name = Main.storyboard;
			sourceTree = "<group>";
		};
		4B4A8B67211931920084F27D /* LaunchScreen.storyboard */ = {
			isa = PBXVariantGroup;
			children = (
				4B4A8B68211931920084F27D /* Base */,
			);
			name = LaunchScreen.storyboard;
			sourceTree = "<group>";
		};
/* End PBXVariantGroup section */

/* Begin XCBuildConfiguration section */
		4B4A8B83211931920084F27D /* Debug */ = {
			isa = XCBuildConfiguration;
			buildSettings = {
				ALWAYS_SEARCH_USER_PATHS = NO;
				CLANG_ANALYZER_NONNULL = YES;
				CLANG_ANALYZER_NUMBER_OBJECT_CONVERSION = YES_AGGRESSIVE;
				CLANG_CXX_LANGUAGE_STANDARD = "gnu++14";
				CLANG_CXX_LIBRARY = "libc++";
				CLANG_ENABLE_MODULES = YES;
				CLANG_ENABLE_OBJC_ARC = YES;
				CLANG_WARN_BLOCK_CAPTURE_AUTORELEASING = YES;
				CLANG_WARN_BOOL_CONVERSION = YES;
				CLANG_WARN_COMMA = YES;
				CLANG_WARN_CONSTANT_CONVERSION = YES;
				CLANG_WARN_DIRECT_OBJC_ISA_USAGE = YES_ERROR;
				CLANG_WARN_DOCUMENTATION_COMMENTS = YES;
				CLANG_WARN_EMPTY_BODY = YES;
				CLANG_WARN_ENUM_CONVERSION = YES;
				CLANG_WARN_INFINITE_RECURSION = YES;
				CLANG_WARN_INT_CONVERSION = YES;
				CLANG_WARN_NON_LITERAL_NULL_CONVERSION = YES;
				CLANG_WARN_OBJC_LITERAL_CONVERSION = YES;
				CLANG_WARN_OBJC_ROOT_CLASS = YES_ERROR;
				CLANG_WARN_RANGE_LOOP_ANALYSIS = YES;
				CLANG_WARN_STRICT_PROTOTYPES = YES;
				CLANG_WARN_SUSPICIOUS_MOVE = YES;
				CLANG_WARN_UNGUARDED_AVAILABILITY = YES_AGGRESSIVE;
				CLANG_WARN_UNREACHABLE_CODE = YES;
				CLANG_WARN__DUPLICATE_METHOD_MATCH = YES;
				CODE_SIGN_IDENTITY = "iPhone Developer";
				COPY_PHASE_STRIP = NO;
				DEBUG_INFORMATION_FORMAT = dwarf;
				ENABLE_STRICT_OBJC_MSGSEND = YES;
				ENABLE_TESTABILITY = YES;
				GCC_C_LANGUAGE_STANDARD = gnu11;
				GCC_DYNAMIC_NO_PIC = NO;
				GCC_NO_COMMON_BLOCKS = YES;
				GCC_OPTIMIZATION_LEVEL = 0;
				GCC_PREPROCESSOR_DEFINITIONS = (
					"DEBUG=1",
					"$(inherited)",
				);
				GCC_WARN_64_TO_32_BIT_CONVERSION = YES;
				GCC_WARN_ABOUT_RETURN_TYPE = YES_ERROR;
				GCC_WARN_UNDECLARED_SELECTOR = YES;
				GCC_WARN_UNINITIALIZED_AUTOS = YES_AGGRESSIVE;
				GCC_WARN_UNUSED_FUNCTION = YES;
				GCC_WARN_UNUSED_VARIABLE = YES;
				IPHONEOS_DEPLOYMENT_TARGET = 11.2;
				MTL_ENABLE_DEBUG_INFO = YES;
				ONLY_ACTIVE_ARCH = YES;
				SDKROOT = iphoneos;
			};
			name = Debug;
		};
		4B4A8B84211931920084F27D /* Release */ = {
			isa = XCBuildConfiguration;
			buildSettings = {
				ALWAYS_SEARCH_USER_PATHS = NO;
				CLANG_ANALYZER_NONNULL = YES;
				CLANG_ANALYZER_NUMBER_OBJECT_CONVERSION = YES_AGGRESSIVE;
				CLANG_CXX_LANGUAGE_STANDARD = "gnu++14";
				CLANG_CXX_LIBRARY = "libc++";
				CLANG_ENABLE_MODULES = YES;
				CLANG_ENABLE_OBJC_ARC = YES;
				CLANG_WARN_BLOCK_CAPTURE_AUTORELEASING = YES;
				CLANG_WARN_BOOL_CONVERSION = YES;
				CLANG_WARN_COMMA = YES;
				CLANG_WARN_CONSTANT_CONVERSION = YES;
				CLANG_WARN_DIRECT_OBJC_ISA_USAGE = YES_ERROR;
				CLANG_WARN_DOCUMENTATION_COMMENTS = YES;
				CLANG_WARN_EMPTY_BODY = YES;
				CLANG_WARN_ENUM_CONVERSION = YES;
				CLANG_WARN_INFINITE_RECURSION = YES;
				CLANG_WARN_INT_CONVERSION = YES;
				CLANG_WARN_NON_LITERAL_NULL_CONVERSION = YES;
				CLANG_WARN_OBJC_LITERAL_CONVERSION = YES;
				CLANG_WARN_OBJC_ROOT_CLASS = YES_ERROR;
				CLANG_WARN_RANGE_LOOP_ANALYSIS = YES;
				CLANG_WARN_STRICT_PROTOTYPES = YES;
				CLANG_WARN_SUSPICIOUS_MOVE = YES;
				CLANG_WARN_UNGUARDED_AVAILABILITY = YES_AGGRESSIVE;
				CLANG_WARN_UNREACHABLE_CODE = YES;
				CLANG_WARN__DUPLICATE_METHOD_MATCH = YES;
				CODE_SIGN_IDENTITY = "iPhone Developer";
				COPY_PHASE_STRIP = NO;
				DEBUG_INFORMATION_FORMAT = "dwarf-with-dsym";
				ENABLE_NS_ASSERTIONS = NO;
				ENABLE_STRICT_OBJC_MSGSEND = YES;
				GCC_C_LANGUAGE_STANDARD = gnu11;
				GCC_NO_COMMON_BLOCKS = YES;
				GCC_WARN_64_TO_32_BIT_CONVERSION = YES;
				GCC_WARN_ABOUT_RETURN_TYPE = YES_ERROR;
				GCC_WARN_UNDECLARED_SELECTOR = YES;
				GCC_WARN_UNINITIALIZED_AUTOS = YES_AGGRESSIVE;
				GCC_WARN_UNUSED_FUNCTION = YES;
				GCC_WARN_UNUSED_VARIABLE = YES;
				IPHONEOS_DEPLOYMENT_TARGET = 11.2;
				MTL_ENABLE_DEBUG_INFO = NO;
				SDKROOT = iphoneos;
				VALIDATE_PRODUCT = YES;
			};
			name = Release;
		};
		4B4A8B86211931920084F27D /* Debug */ = {
			isa = XCBuildConfiguration;
			baseConfigurationReference = 30B05C6A2ACFB656A2C606F2 /* Pods-XHFlexLibDemo.debug.xcconfig */;
			buildSettings = {
				ASSETCATALOG_COMPILER_APPICON_NAME = AppIcon;
				CODE_SIGN_STYLE = Automatic;
				INFOPLIST_FILE = XHFlexLibDemo/Info.plist;
				LD_RUNPATH_SEARCH_PATHS = "$(inherited) @executable_path/Frameworks";
				PRODUCT_BUNDLE_IDENTIFIER = XH.XHFlexLibDemo;
				PRODUCT_NAME = "$(TARGET_NAME)";
				TARGETED_DEVICE_FAMILY = 1;
			};
			name = Debug;
		};
		4B4A8B87211931920084F27D /* Release */ = {
			isa = XCBuildConfiguration;
			baseConfigurationReference = EA5395A2216CF37428BEF1D5 /* Pods-XHFlexLibDemo.release.xcconfig */;
			buildSettings = {
				ASSETCATALOG_COMPILER_APPICON_NAME = AppIcon;
				CODE_SIGN_STYLE = Automatic;
				INFOPLIST_FILE = XHFlexLibDemo/Info.plist;
				LD_RUNPATH_SEARCH_PATHS = "$(inherited) @executable_path/Frameworks";
				PRODUCT_BUNDLE_IDENTIFIER = XH.XHFlexLibDemo;
				PRODUCT_NAME = "$(TARGET_NAME)";
				TARGETED_DEVICE_FAMILY = 1;
			};
			name = Release;
		};
		4B4A8B89211931920084F27D /* Debug */ = {
			isa = XCBuildConfiguration;
			buildSettings = {
				BUNDLE_LOADER = "$(TEST_HOST)";
				CODE_SIGN_STYLE = Automatic;
				INFOPLIST_FILE = XHFlexLibDemoTests/Info.plist;
				LD_RUNPATH_SEARCH_PATHS = "$(inherited) @executable_path/Frameworks @loader_path/Frameworks";
				PRODUCT_BUNDLE_IDENTIFIER = XH.XHFlexLibDemoTests;
				PRODUCT_NAME = "$(TARGET_NAME)";
				TARGETED_DEVICE_FAMILY = "1,2";
				TEST_HOST = "$(BUILT_PRODUCTS_DIR)/XHFlexLibDemo.app/XHFlexLibDemo";
			};
			name = Debug;
		};
		4B4A8B8A211931920084F27D /* Release */ = {
			isa = XCBuildConfiguration;
			buildSettings = {
				BUNDLE_LOADER = "$(TEST_HOST)";
				CODE_SIGN_STYLE = Automatic;
				INFOPLIST_FILE = XHFlexLibDemoTests/Info.plist;
				LD_RUNPATH_SEARCH_PATHS = "$(inherited) @executable_path/Frameworks @loader_path/Frameworks";
				PRODUCT_BUNDLE_IDENTIFIER = XH.XHFlexLibDemoTests;
				PRODUCT_NAME = "$(TARGET_NAME)";
				TARGETED_DEVICE_FAMILY = "1,2";
				TEST_HOST = "$(BUILT_PRODUCTS_DIR)/XHFlexLibDemo.app/XHFlexLibDemo";
			};
			name = Release;
		};
		4B4A8B8C211931920084F27D /* Debug */ = {
			isa = XCBuildConfiguration;
			buildSettings = {
				CODE_SIGN_STYLE = Automatic;
				INFOPLIST_FILE = XHFlexLibDemoUITests/Info.plist;
				LD_RUNPATH_SEARCH_PATHS = "$(inherited) @executable_path/Frameworks @loader_path/Frameworks";
				PRODUCT_BUNDLE_IDENTIFIER = XH.XHFlexLibDemoUITests;
				PRODUCT_NAME = "$(TARGET_NAME)";
				TARGETED_DEVICE_FAMILY = "1,2";
				TEST_TARGET_NAME = XHFlexLibDemo;
			};
			name = Debug;
		};
		4B4A8B8D211931920084F27D /* Release */ = {
			isa = XCBuildConfiguration;
			buildSettings = {
				CODE_SIGN_STYLE = Automatic;
				INFOPLIST_FILE = XHFlexLibDemoUITests/Info.plist;
				LD_RUNPATH_SEARCH_PATHS = "$(inherited) @executable_path/Frameworks @loader_path/Frameworks";
				PRODUCT_BUNDLE_IDENTIFIER = XH.XHFlexLibDemoUITests;
				PRODUCT_NAME = "$(TARGET_NAME)";
				TARGETED_DEVICE_FAMILY = "1,2";
				TEST_TARGET_NAME = XHFlexLibDemo;
			};
			name = Release;
		};
/* End XCBuildConfiguration section */

/* Begin XCConfigurationList section */
		4B4A8B54211931920084F27D /* Build configuration list for PBXProject "XHFlexLibDemo" */ = {
			isa = XCConfigurationList;
			buildConfigurations = (
				4B4A8B83211931920084F27D /* Debug */,
				4B4A8B84211931920084F27D /* Release */,
			);
			defaultConfigurationIsVisible = 0;
			defaultConfigurationName = Release;
		};
		4B4A8B85211931920084F27D /* Build configuration list for PBXNativeTarget "XHFlexLibDemo" */ = {
			isa = XCConfigurationList;
			buildConfigurations = (
				4B4A8B86211931920084F27D /* Debug */,
				4B4A8B87211931920084F27D /* Release */,
			);
			defaultConfigurationIsVisible = 0;
			defaultConfigurationName = Release;
		};
		4B4A8B88211931920084F27D /* Build configuration list for PBXNativeTarget "XHFlexLibDemoTests" */ = {
			isa = XCConfigurationList;
			buildConfigurations = (
				4B4A8B89211931920084F27D /* Debug */,
				4B4A8B8A211931920084F27D /* Release */,
			);
			defaultConfigurationIsVisible = 0;
			defaultConfigurationName = Release;
		};
		4B4A8B8B211931920084F27D /* Build configuration list for PBXNativeTarget "XHFlexLibDemoUITests" */ = {
			isa = XCConfigurationList;
			buildConfigurations = (
				4B4A8B8C211931920084F27D /* Debug */,
				4B4A8B8D211931920084F27D /* Release */,
			);
			defaultConfigurationIsVisible = 0;
			defaultConfigurationName = Release;
		};
/* End XCConfigurationList section */
	};
	rootObject = 4B4A8B51211931920084F27D /* Project object */;
}
